
Microsoft Visual Studio Solution File, Format Version 12.00
# Visual Studio Version 16
VisualStudioVersion = 16.0.29209.62
MinimumVisualStudioVersion = 10.0.40219.1
Project("{FAE04EC0-301F-11D3-BF4B-00C04F79EFBC}") = "RelojLogico", "RelojLogico.csproj", "{2DFAE3E0-3A1F-4954-81B5-4F8A582F677C}"
EndProject
Global
	GlobalSection(SolutionConfigurationPlatforms) = preSolution
		Debug|Any CPU = Debug|Any CPU
		Release|Any CPU = Release|Any CPU
	EndGlobalSection
	GlobalSection(ProjectConfigurationPlatforms) = postSolution
		{2DFAE3E0-3A1F-4954-81B5-4F8A582F677C}.Debug|Any CPU.ActiveCfg = Debug|Any CPU
		{2DFAE3E0-3A1F-4954-81B5-4F8A582F677C}.Debug|Any CPU.Build.0 = Debug|Any CPU
		{2DFAE3E0-3A1F-4954-81B5-4F8A582F677C}.Release|Any CPU.ActiveCfg = Release|Any CPU
		{2DFAE3E0-3A1F-4954-81B5-4F8A582F677C}.Release|Any CPU.Build.0 = Release|Any CPU
	EndGlobalSection
	GlobalSection(SolutionProperties) = preSolution
		HideSolutionNode = FALSE
	EndGlobalSection
	GlobalSection(ExtensibilityGlobals) = postSolution
		SolutionGuid = {34D2DD47-C715-4473-86B1-77EBEFBC7D32}
	EndGlobalSection
EndGlobal
